// !$*UTF8*$!
{
	archiveVersion = 1;
	classes = {
	};
	objectVersion = 53;
	objects = {

/* Begin PBXBuildFile section */
		1584468AFF09F29A4CAD281D /* Pods_Flix_FlixUITests.framework in Frameworks */ = {isa = PBXBuildFile; fileRef = 685D7425910FAB5EBCE0F95A /* Pods_Flix_FlixUITests.framework */; };
		2B0B5F3FE27E4CC8F9857994 /* Pods_FlixTests.framework in Frameworks */ = {isa = PBXBuildFile; fileRef = 2CF333A494903DD60DFCDFE0 /* Pods_FlixTests.framework */; };
		54185A101D31B64B2B30ED79 /* Pods_Flix.framework in Frameworks */ = {isa = PBXBuildFile; fileRef = 28BBA8049DD3D03DA9006C46 /* Pods_Flix.framework */; };
		A603D72228DE23F300A1D972 /* MovieDetailsViewController.swift in Sources */ = {isa = PBXBuildFile; fileRef = A603D72128DE23F300A1D972 /* MovieDetailsViewController.swift */; };
		A603D72A28DE4EBB00A1D972 /* MovieGridViewController.swift in Sources */ = {isa = PBXBuildFile; fileRef = A603D72928DE4EBB00A1D972 /* MovieGridViewController.swift */; };
		A603D72C28DE51EC00A1D972 /* MovieGridCell.swift in Sources */ = {isa = PBXBuildFile; fileRef = A603D72B28DE51EC00A1D972 /* MovieGridCell.swift */; };
		A6D9ADC528D2D9E10073E618 /* AppDelegate.swift in Sources */ = {isa = PBXBuildFile; fileRef = A6D9ADC428D2D9E10073E618 /* AppDelegate.swift */; };
		A6D9ADC728D2D9E10073E618 /* SceneDelegate.swift in Sources */ = {isa = PBXBuildFile; fileRef = A6D9ADC628D2D9E10073E618 /* SceneDelegate.swift */; };
		A6D9ADC928D2D9E10073E618 /* ViewController.swift in Sources */ = {isa = PBXBuildFile; fileRef = A6D9ADC828D2D9E10073E618 /* ViewController.swift */; };
		A6D9ADCC28D2D9E10073E618 /* Main.storyboard in Resources */ = {isa = PBXBuildFile; fileRef = A6D9ADCA28D2D9E10073E618 /* Main.storyboard */; };
		A6D9ADCE28D2D9E10073E618 /* Assets.xcassets in Resources */ = {isa = PBXBuildFile; fileRef = A6D9ADCD28D2D9E10073E618 /* Assets.xcassets */; };
		A6D9ADD128D2D9E10073E618 /* LaunchScreen.storyboard in Resources */ = {isa = PBXBuildFile; fileRef = A6D9ADCF28D2D9E10073E618 /* LaunchScreen.storyboard */; };
		A6D9ADDC28D2D9E10073E618 /* FlixTests.swift in Sources */ = {isa = PBXBuildFile; fileRef = A6D9ADDB28D2D9E10073E618 /* FlixTests.swift */; };
		A6D9ADE628D2D9E10073E618 /* FlixUITests.swift in Sources */ = {isa = PBXBuildFile; fileRef = A6D9ADE528D2D9E10073E618 /* FlixUITests.swift */; };
		A6D9ADE828D2D9E10073E618 /* FlixUITestsLaunchTests.swift in Sources */ = {isa = PBXBuildFile; fileRef = A6D9ADE728D2D9E10073E618 /* FlixUITestsLaunchTests.swift */; };
		A6D9ADF528D2E4590073E618 /* MovieCell.swift in Sources */ = {isa = PBXBuildFile; fileRef = A6D9ADF428D2E4590073E618 /* MovieCell.swift */; };
		A6D9ADF828D2E9970073E618 /* AlamofireImage in Frameworks */ = {isa = PBXBuildFile; productRef = A6D9ADF728D2E9970073E618 /* AlamofireImage */; };
/* End PBXBuildFile section */

/* Begin PBXContainerItemProxy section */
		A6D9ADD828D2D9E10073E618 /* PBXContainerItemProxy */ = {
			isa = PBXContainerItemProxy;
			containerPortal = A6D9ADB928D2D9E10073E618 /* Project object */;
			proxyType = 1;
			remoteGlobalIDString = A6D9ADC028D2D9E10073E618;
			remoteInfo = Flix;
		};
		A6D9ADE228D2D9E10073E618 /* PBXContainerItemProxy */ = {
			isa = PBXContainerItemProxy;
			containerPortal = A6D9ADB928D2D9E10073E618 /* Project object */;
			proxyType = 1;
			remoteGlobalIDString = A6D9ADC028D2D9E10073E618;
			remoteInfo = Flix;
		};
/* End PBXContainerItemProxy section */

/* Begin PBXFileReference section */
		0441BEFC85101C2E8755660E /* Pods-FlixTests.release.xcconfig */ = {isa = PBXFileReference; includeInIndex = 1; lastKnownFileType = text.xcconfig; name = "Pods-FlixTests.release.xcconfig"; path = "Target Support Files/Pods-FlixTests/Pods-FlixTests.release.xcconfig"; sourceTree = "<group>"; };
		134901F577CA53CE7D8FF287 /* Pods-FlixTests.debug.xcconfig */ = {isa = PBXFileReference; includeInIndex = 1; lastKnownFileType = text.xcconfig; name = "Pods-FlixTests.debug.xcconfig"; path = "Target Support Files/Pods-FlixTests/Pods-FlixTests.debug.xcconfig"; sourceTree = "<group>"; };
		28BBA8049DD3D03DA9006C46 /* Pods_Flix.framework */ = {isa = PBXFileReference; explicitFileType = wrapper.framework; includeInIndex = 0; path = Pods_Flix.framework; sourceTree = BUILT_PRODUCTS_DIR; };
		2CF333A494903DD60DFCDFE0 /* Pods_FlixTests.framework */ = {isa = PBXFileReference; explicitFileType = wrapper.framework; includeInIndex = 0; path = Pods_FlixTests.framework; sourceTree = BUILT_PRODUCTS_DIR; };
		44071833C58F4FD8E5AC8231 /* Pods-Flix.release.xcconfig */ = {isa = PBXFileReference; includeInIndex = 1; lastKnownFileType = text.xcconfig; name = "Pods-Flix.release.xcconfig"; path = "Target Support Files/Pods-Flix/Pods-Flix.release.xcconfig"; sourceTree = "<group>"; };
		685D7425910FAB5EBCE0F95A /* Pods_Flix_FlixUITests.framework */ = {isa = PBXFileReference; explicitFileType = wrapper.framework; includeInIndex = 0; path = Pods_Flix_FlixUITests.framework; sourceTree = BUILT_PRODUCTS_DIR; };
		A603D72128DE23F300A1D972 /* MovieDetailsViewController.swift */ = {isa = PBXFileReference; lastKnownFileType = sourcecode.swift; path = MovieDetailsViewController.swift; sourceTree = "<group>"; };
		A603D72928DE4EBB00A1D972 /* MovieGridViewController.swift */ = {isa = PBXFileReference; lastKnownFileType = sourcecode.swift; path = MovieGridViewController.swift; sourceTree = "<group>"; };
		A603D72B28DE51EC00A1D972 /* MovieGridCell.swift */ = {isa = PBXFileReference; lastKnownFileType = sourcecode.swift; path = MovieGridCell.swift; sourceTree = "<group>"; };
		A6D9ADC128D2D9E10073E618 /* Flix.app */ = {isa = PBXFileReference; explicitFileType = wrapper.application; includeInIndex = 0; path = Flix.app; sourceTree = BUILT_PRODUCTS_DIR; };
		A6D9ADC428D2D9E10073E618 /* AppDelegate.swift */ = {isa = PBXFileReference; lastKnownFileType = sourcecode.swift; path = AppDelegate.swift; sourceTree = "<group>"; };
		A6D9ADC628D2D9E10073E618 /* SceneDelegate.swift */ = {isa = PBXFileReference; lastKnownFileType = sourcecode.swift; path = SceneDelegate.swift; sourceTree = "<group>"; };
		A6D9ADC828D2D9E10073E618 /* ViewController.swift */ = {isa = PBXFileReference; lastKnownFileType = sourcecode.swift; path = ViewController.swift; sourceTree = "<group>"; };
		A6D9ADCB28D2D9E10073E618 /* Base */ = {isa = PBXFileReference; lastKnownFileType = file.storyboard; name = Base; path = Base.lproj/Main.storyboard; sourceTree = "<group>"; };
		A6D9ADCD28D2D9E10073E618 /* Assets.xcassets */ = {isa = PBXFileReference; lastKnownFileType = folder.assetcatalog; path = Assets.xcassets; sourceTree = "<group>"; };
		A6D9ADD028D2D9E10073E618 /* Base */ = {isa = PBXFileReference; lastKnownFileType = file.storyboard; name = Base; path = Base.lproj/LaunchScreen.storyboard; sourceTree = "<group>"; };
		A6D9ADD228D2D9E10073E618 /* Info.plist */ = {isa = PBXFileReference; lastKnownFileType = text.plist.xml; path = Info.plist; sourceTree = "<group>"; };
		A6D9ADD728D2D9E10073E618 /* FlixTests.xctest */ = {isa = PBXFileReference; explicitFileType = wrapper.cfbundle; includeInIndex = 0; path = FlixTests.xctest; sourceTree = BUILT_PRODUCTS_DIR; };
		A6D9ADDB28D2D9E10073E618 /* FlixTests.swift */ = {isa = PBXFileReference; lastKnownFileType = sourcecode.swift; path = FlixTests.swift; sourceTree = "<group>"; };
		A6D9ADE128D2D9E10073E618 /* FlixUITests.xctest */ = {isa = PBXFileReference; explicitFileType = wrapper.cfbundle; includeInIndex = 0; path = FlixUITests.xctest; sourceTree = BUILT_PRODUCTS_DIR; };
		A6D9ADE528D2D9E10073E618 /* FlixUITests.swift */ = {isa = PBXFileReference; lastKnownFileType = sourcecode.swift; path = FlixUITests.swift; sourceTree = "<group>"; };
		A6D9ADE728D2D9E10073E618 /* FlixUITestsLaunchTests.swift */ = {isa = PBXFileReference; lastKnownFileType = sourcecode.swift; path = FlixUITestsLaunchTests.swift; sourceTree = "<group>"; };
		A6D9ADF428D2E4590073E618 /* MovieCell.swift */ = {isa = PBXFileReference; lastKnownFileType = sourcecode.swift; path = MovieCell.swift; sourceTree = "<group>"; };
		BAE68D7CE188EB7245BC4045 /* Pods-Flix-FlixUITests.release.xcconfig */ = {isa = PBXFileReference; includeInIndex = 1; lastKnownFileType = text.xcconfig; name = "Pods-Flix-FlixUITests.release.xcconfig"; path = "Target Support Files/Pods-Flix-FlixUITests/Pods-Flix-FlixUITests.release.xcconfig"; sourceTree = "<group>"; };
		C7BD3A4D9F51D259AFA3AA38 /* Pods-Flix.debug.xcconfig */ = {isa = PBXFileReference; includeInIndex = 1; lastKnownFileType = text.xcconfig; name = "Pods-Flix.debug.xcconfig"; path = "Target Support Files/Pods-Flix/Pods-Flix.debug.xcconfig"; sourceTree = "<group>"; };
		D5D4FA93D8A0BBE13349B492 /* Pods-Flix-FlixUITests.debug.xcconfig */ = {isa = PBXFileReference; includeInIndex = 1; lastKnownFileType = text.xcconfig; name = "Pods-Flix-FlixUITests.debug.xcconfig"; path = "Target Support Files/Pods-Flix-FlixUITests/Pods-Flix-FlixUITests.debug.xcconfig"; sourceTree = "<group>"; };
/* End PBXFileReference section */

/* Begin PBXFrameworksBuildPhase section */
		A6D9ADBE28D2D9E10073E618 /* Frameworks */ = {
			isa = PBXFrameworksBuildPhase;
			buildActionMask = 2147483647;
			files = (
				A6D9ADF828D2E9970073E618 /* AlamofireImage in Frameworks */,
				54185A101D31B64B2B30ED79 /* Pods_Flix.framework in Frameworks */,
			);
			runOnlyForDeploymentPostprocessing = 0;
		};
		A6D9ADD428D2D9E10073E618 /* Frameworks */ = {
			isa = PBXFrameworksBuildPhase;
			buildActionMask = 2147483647;
			files = (
				2B0B5F3FE27E4CC8F9857994 /* Pods_FlixTests.framework in Frameworks */,
			);
			runOnlyForDeploymentPostprocessing = 0;
		};
		A6D9ADDE28D2D9E10073E618 /* Frameworks */ = {
			isa = PBXFrameworksBuildPhase;
			buildActionMask = 2147483647;
			files = (
				1584468AFF09F29A4CAD281D /* Pods_Flix_FlixUITests.framework in Frameworks */,
			);
			runOnlyForDeploymentPostprocessing = 0;
		};
/* End PBXFrameworksBuildPhase section */

/* Begin PBXGroup section */
		698F95FC68F9A41FA7A78C31 /* Frameworks */ = {
			isa = PBXGroup;
			children = (
				28BBA8049DD3D03DA9006C46 /* Pods_Flix.framework */,
				685D7425910FAB5EBCE0F95A /* Pods_Flix_FlixUITests.framework */,
				2CF333A494903DD60DFCDFE0 /* Pods_FlixTests.framework */,
			);
			name = Frameworks;
			sourceTree = "<group>";
		};
		6A92C48A81DBDA711E266A99 /* Pods */ = {
			isa = PBXGroup;
			children = (
				C7BD3A4D9F51D259AFA3AA38 /* Pods-Flix.debug.xcconfig */,
				44071833C58F4FD8E5AC8231 /* Pods-Flix.release.xcconfig */,
				D5D4FA93D8A0BBE13349B492 /* Pods-Flix-FlixUITests.debug.xcconfig */,
				BAE68D7CE188EB7245BC4045 /* Pods-Flix-FlixUITests.release.xcconfig */,
				134901F577CA53CE7D8FF287 /* Pods-FlixTests.debug.xcconfig */,
				0441BEFC85101C2E8755660E /* Pods-FlixTests.release.xcconfig */,
			);
			path = Pods;
			sourceTree = "<group>";
		};
		A6D9ADB828D2D9E10073E618 = {
			isa = PBXGroup;
			children = (
				A6D9ADC328D2D9E10073E618 /* Flix */,
				A6D9ADDA28D2D9E10073E618 /* FlixTests */,
				A6D9ADE428D2D9E10073E618 /* FlixUITests */,
				A6D9ADC228D2D9E10073E618 /* Products */,
				6A92C48A81DBDA711E266A99 /* Pods */,
				698F95FC68F9A41FA7A78C31 /* Frameworks */,
			);
			sourceTree = "<group>";
		};
		A6D9ADC228D2D9E10073E618 /* Products */ = {
			isa = PBXGroup;
			children = (
				A6D9ADC128D2D9E10073E618 /* Flix.app */,
				A6D9ADD728D2D9E10073E618 /* FlixTests.xctest */,
				A6D9ADE128D2D9E10073E618 /* FlixUITests.xctest */,
			);
			name = Products;
			sourceTree = "<group>";
		};
		A6D9ADC328D2D9E10073E618 /* Flix */ = {
			isa = PBXGroup;
			children = (
				A6D9ADC428D2D9E10073E618 /* AppDelegate.swift */,
				A6D9ADC628D2D9E10073E618 /* SceneDelegate.swift */,
				A6D9ADC828D2D9E10073E618 /* ViewController.swift */,
				A6D9ADF428D2E4590073E618 /* MovieCell.swift */,
				A6D9ADCA28D2D9E10073E618 /* Main.storyboard */,
				A603D72928DE4EBB00A1D972 /* MovieGridViewController.swift */,
				A603D72128DE23F300A1D972 /* MovieDetailsViewController.swift */,
				A6D9ADCD28D2D9E10073E618 /* Assets.xcassets */,
				A6D9ADCF28D2D9E10073E618 /* LaunchScreen.storyboard */,
				A6D9ADD228D2D9E10073E618 /* Info.plist */,
				A603D72B28DE51EC00A1D972 /* MovieGridCell.swift */,
			);
			path = Flix;
			sourceTree = "<group>";
		};
		A6D9ADDA28D2D9E10073E618 /* FlixTests */ = {
			isa = PBXGroup;
			children = (
				A6D9ADDB28D2D9E10073E618 /* FlixTests.swift */,
			);
			path = FlixTests;
			sourceTree = "<group>";
		};
		A6D9ADE428D2D9E10073E618 /* FlixUITests */ = {
			isa = PBXGroup;
			children = (
				A6D9ADE528D2D9E10073E618 /* FlixUITests.swift */,
				A6D9ADE728D2D9E10073E618 /* FlixUITestsLaunchTests.swift */,
			);
			path = FlixUITests;
			sourceTree = "<group>";
		};
/* End PBXGroup section */

/* Begin PBXNativeTarget section */
		A6D9ADC028D2D9E10073E618 /* Flix */ = {
			isa = PBXNativeTarget;
			buildConfigurationList = A6D9ADEB28D2D9E10073E618 /* Build configuration list for PBXNativeTarget "Flix" */;
			buildPhases = (
				3EFEF30C8CD4EDCCBDB8A855 /* [CP] Check Pods Manifest.lock */,
				A6D9ADBD28D2D9E10073E618 /* Sources */,
				A6D9ADBE28D2D9E10073E618 /* Frameworks */,
				A6D9ADBF28D2D9E10073E618 /* Resources */,
				3B19F9AE5E0CD5C1C031F144 /* [CP] Embed Pods Frameworks */,
			);
			buildRules = (
			);
			dependencies = (
			);
			name = Flix;
			packageProductDependencies = (
				A6D9ADF728D2E9970073E618 /* AlamofireImage */,
			);
			productName = Flix;
			productReference = A6D9ADC128D2D9E10073E618 /* Flix.app */;
			productType = "com.apple.product-type.application";
		};
		A6D9ADD628D2D9E10073E618 /* FlixTests */ = {
			isa = PBXNativeTarget;
			buildConfigurationList = A6D9ADEE28D2D9E10073E618 /* Build configuration list for PBXNativeTarget "FlixTests" */;
			buildPhases = (
				05B1D2B6204F847E2B459BFA /* [CP] Check Pods Manifest.lock */,
				A6D9ADD328D2D9E10073E618 /* Sources */,
				A6D9ADD428D2D9E10073E618 /* Frameworks */,
				A6D9ADD528D2D9E10073E618 /* Resources */,
			);
			buildRules = (
			);
			dependencies = (
				A6D9ADD928D2D9E10073E618 /* PBXTargetDependency */,
			);
			name = FlixTests;
			productName = FlixTests;
			productReference = A6D9ADD728D2D9E10073E618 /* FlixTests.xctest */;
			productType = "com.apple.product-type.bundle.unit-test";
		};
		A6D9ADE028D2D9E10073E618 /* FlixUITests */ = {
			isa = PBXNativeTarget;
			buildConfigurationList = A6D9ADF128D2D9E10073E618 /* Build configuration list for PBXNativeTarget "FlixUITests" */;
			buildPhases = (
				6538CC68888F713451017706 /* [CP] Check Pods Manifest.lock */,
				A6D9ADDD28D2D9E10073E618 /* Sources */,
				A6D9ADDE28D2D9E10073E618 /* Frameworks */,
				A6D9ADDF28D2D9E10073E618 /* Resources */,
				451E540660828538E096323E /* [CP] Embed Pods Frameworks */,
			);
			buildRules = (
			);
			dependencies = (
				A6D9ADE328D2D9E10073E618 /* PBXTargetDependency */,
			);
			name = FlixUITests;
			productName = FlixUITests;
			productReference = A6D9ADE128D2D9E10073E618 /* FlixUITests.xctest */;
			productType = "com.apple.product-type.bundle.ui-testing";
		};
/* End PBXNativeTarget section */

/* Begin PBXProject section */
		A6D9ADB928D2D9E10073E618 /* Project object */ = {
			isa = PBXProject;
			attributes = {
				BuildIndependentTargetsInParallel = 1;
				LastSwiftUpdateCheck = 1400;
				LastUpgradeCheck = 1400;
				TargetAttributes = {
					A6D9ADC028D2D9E10073E618 = {
						CreatedOnToolsVersion = 14.0;
					};
					A6D9ADD628D2D9E10073E618 = {
						CreatedOnToolsVersion = 14.0;
						TestTargetID = A6D9ADC028D2D9E10073E618;
					};
					A6D9ADE028D2D9E10073E618 = {
						CreatedOnToolsVersion = 14.0;
						TestTargetID = A6D9ADC028D2D9E10073E618;
					};
				};
			};
			buildConfigurationList = A6D9ADBC28D2D9E10073E618 /* Build configuration list for PBXProject "Flix" */;
			compatibilityVersion = "Xcode 9.3";
			developmentRegion = en;
			hasScannedForEncodings = 0;
			knownRegions = (
				en,
				Base,
			);
			mainGroup = A6D9ADB828D2D9E10073E618;
			packageReferences = (
				A6D9ADF628D2E9970073E618 /* XCRemoteSwiftPackageReference "AlamofireImage" */,
			);
			productRefGroup = A6D9ADC228D2D9E10073E618 /* Products */;
			projectDirPath = "";
			projectRoot = "";
			targets = (
				A6D9ADC028D2D9E10073E618 /* Flix */,
				A6D9ADD628D2D9E10073E618 /* FlixTests */,
				A6D9ADE028D2D9E10073E618 /* FlixUITests */,
			);
		};
/* End PBXProject section */

/* Begin PBXResourcesBuildPhase section */
		A6D9ADBF28D2D9E10073E618 /* Resources */ = {
			isa = PBXResourcesBuildPhase;
			buildActionMask = 2147483647;
			files = (
				A6D9ADD128D2D9E10073E618 /* LaunchScreen.storyboard in Resources */,
				A6D9ADCE28D2D9E10073E618 /* Assets.xcassets in Resources */,
				A6D9ADCC28D2D9E10073E618 /* Main.storyboard in Resources */,
			);
			runOnlyForDeploymentPostprocessing = 0;
		};
		A6D9ADD528D2D9E10073E618 /* Resources */ = {
			isa = PBXResourcesBuildPhase;
			buildActionMask = 2147483647;
			files = (
			);
			runOnlyForDeploymentPostprocessing = 0;
		};
		A6D9ADDF28D2D9E10073E618 /* Resources */ = {
			isa = PBXResourcesBuildPhase;
			buildActionMask = 2147483647;
			files = (
			);
			runOnlyForDeploymentPostprocessing = 0;
		};
/* End PBXResourcesBuildPhase section */

/* Begin PBXShellScriptBuildPhase section */
		05B1D2B6204F847E2B459BFA /* [CP] Check Pods Manifest.lock */ = {
			isa = PBXShellScriptBuildPhase;
			buildActionMask = 2147483647;
			files = (
			);
			inputFileListPaths = (
			);
			inputPaths = (
				"${PODS_PODFILE_DIR_PATH}/Podfile.lock",
				"${PODS_ROOT}/Manifest.lock",
			);
			name = "[CP] Check Pods Manifest.lock";
			outputFileListPaths = (
			);
			outputPaths = (
				"$(DERIVED_FILE_DIR)/Pods-FlixTests-checkManifestLockResult.txt",
			);
			runOnlyForDeploymentPostprocessing = 0;
			shellPath = /bin/sh;
			shellScript = "diff \"${PODS_PODFILE_DIR_PATH}/Podfile.lock\" \"${PODS_ROOT}/Manifest.lock\" > /dev/null\nif [ $? != 0 ] ; then\n    # print error to STDERR\n    echo \"error: The sandbox is not in sync with the Podfile.lock. Run 'pod install' or update your CocoaPods installation.\" >&2\n    exit 1\nfi\n# This output is used by Xcode 'outputs' to avoid re-running this script phase.\necho \"SUCCESS\" > \"${SCRIPT_OUTPUT_FILE_0}\"\n";
			showEnvVarsInLog = 0;
		};
		3B19F9AE5E0CD5C1C031F144 /* [CP] Embed Pods Frameworks */ = {
			isa = PBXShellScriptBuildPhase;
			buildActionMask = 2147483647;
			files = (
			);
			inputFileListPaths = (
				"${PODS_ROOT}/Target Support Files/Pods-Flix/Pods-Flix-frameworks-${CONFIGURATION}-input-files.xcfilelist",
			);
			name = "[CP] Embed Pods Frameworks";
			outputFileListPaths = (
				"${PODS_ROOT}/Target Support Files/Pods-Flix/Pods-Flix-frameworks-${CONFIGURATION}-output-files.xcfilelist",
			);
			runOnlyForDeploymentPostprocessing = 0;
			shellPath = /bin/sh;
			shellScript = "\"${PODS_ROOT}/Target Support Files/Pods-Flix/Pods-Flix-frameworks.sh\"\n";
			showEnvVarsInLog = 0;
		};
		3EFEF30C8CD4EDCCBDB8A855 /* [CP] Check Pods Manifest.lock */ = {
			isa = PBXShellScriptBuildPhase;
			buildActionMask = 2147483647;
			files = (
			);
			inputFileListPaths = (
			);
			inputPaths = (
				"${PODS_PODFILE_DIR_PATH}/Podfile.lock",
				"${PODS_ROOT}/Manifest.lock",
			);
			name = "[CP] Check Pods Manifest.lock";
			outputFileListPaths = (
			);
			outputPaths = (
				"$(DERIVED_FILE_DIR)/Pods-Flix-checkManifestLockResult.txt",
			);
			runOnlyForDeploymentPostprocessing = 0;
			shellPath = /bin/sh;
			shellScript = "diff \"${PODS_PODFILE_DIR_PATH}/Podfile.lock\" \"${PODS_ROOT}/Manifest.lock\" > /dev/null\nif [ $? != 0 ] ; then\n    # print error to STDERR\n    echo \"error: The sandbox is not in sync with the Podfile.lock. Run 'pod install' or update your CocoaPods installation.\" >&2\n    exit 1\nfi\n# This output is used by Xcode 'outputs' to avoid re-running this script phase.\necho \"SUCCESS\" > \"${SCRIPT_OUTPUT_FILE_0}\"\n";
			showEnvVarsInLog = 0;
		};
		451E540660828538E096323E /* [CP] Embed Pods Frameworks */ = {
			isa = PBXShellScriptBuildPhase;
			buildActionMask = 2147483647;
			files = (
			);
			inputFileListPaths = (
				"${PODS_ROOT}/Target Support Files/Pods-Flix-FlixUITests/Pods-Flix-FlixUITests-frameworks-${CONFIGURATION}-input-files.xcfilelist",
			);
			name = "[CP] Embed Pods Frameworks";
			outputFileListPaths = (
				"${PODS_ROOT}/Target Support Files/Pods-Flix-FlixUITests/Pods-Flix-FlixUITests-frameworks-${CONFIGURATION}-output-files.xcfilelist",
			);
			runOnlyForDeploymentPostprocessing = 0;
			shellPath = /bin/sh;
			shellScript = "\"${PODS_ROOT}/Target Support Files/Pods-Flix-FlixUITests/Pods-Flix-FlixUITests-frameworks.sh\"\n";
			showEnvVarsInLog = 0;
		};
		6538CC68888F713451017706 /* [CP] Check Pods Manifest.lock */ = {
			isa = PBXShellScriptBuildPhase;
			buildActionMask = 2147483647;
			files = (
			);
			inputFileListPaths = (
			);
			inputPaths = (
				"${PODS_PODFILE_DIR_PATH}/Podfile.lock",
				"${PODS_ROOT}/Manifest.lock",
			);
			name = "[CP] Check Pods Manifest.lock";
			outputFileListPaths = (
			);
			outputPaths = (
				"$(DERIVED_FILE_DIR)/Pods-Flix-FlixUITests-checkManifestLockResult.txt",
			);
			runOnlyForDeploymentPostprocessing = 0;
			shellPath = /bin/sh;
			shellScript = "diff \"${PODS_PODFILE_DIR_PATH}/Podfile.lock\" \"${PODS_ROOT}/Manifest.lock\" > /dev/null\nif [ $? != 0 ] ; then\n    # print error to STDERR\n    echo \"error: The sandbox is not in sync with the Podfile.lock. Run 'pod install' or update your CocoaPods installation.\" >&2\n    exit 1\nfi\n# This output is used by Xcode 'outputs' to avoid re-running this script phase.\necho \"SUCCESS\" > \"${SCRIPT_OUTPUT_FILE_0}\"\n";
			showEnvVarsInLog = 0;
		};
/* End PBXShellScriptBuildPhase section */

/* Begin PBXSourcesBuildPhase section */
		A6D9ADBD28D2D9E10073E618 /* Sources */ = {
			isa = PBXSourcesBuildPhase;
			buildActionMask = 2147483647;
			files = (
				A603D72228DE23F300A1D972 /* MovieDetailsViewController.swift in Sources */,
				A6D9ADC928D2D9E10073E618 /* ViewController.swift in Sources */,
				A6D9ADC528D2D9E10073E618 /* AppDelegate.swift in Sources */,
				A6D9ADF528D2E4590073E618 /* MovieCell.swift in Sources */,
				A6D9ADC728D2D9E10073E618 /* SceneDelegate.swift in Sources */,
				A603D72A28DE4EBB00A1D972 /* MovieGridViewController.swift in Sources */,
				A603D72C28DE51EC00A1D972 /* MovieGridCell.swift in Sources */,
			);
			runOnlyForDeploymentPostprocessing = 0;
		};
		A6D9ADD328D2D9E10073E618 /* Sources */ = {
			isa = PBXSourcesBuildPhase;
			buildActionMask = 2147483647;
			files = (
				A6D9ADDC28D2D9E10073E618 /* FlixTests.swift in Sources */,
			);
			runOnlyForDeploymentPostprocessing = 0;
		};
		A6D9ADDD28D2D9E10073E618 /* Sources */ = {
			isa = PBXSourcesBuildPhase;
			buildActionMask = 2147483647;
			files = (
				A6D9ADE628D2D9E10073E618 /* FlixUITests.swift in Sources */,
				A6D9ADE828D2D9E10073E618 /* FlixUITestsLaunchTests.swift in Sources */,
			);
			runOnlyForDeploymentPostprocessing = 0;
		};
/* End PBXSourcesBuildPhase section */

/* Begin PBXTargetDependency section */
		A6D9ADD928D2D9E10073E618 /* PBXTargetDependency */ = {
			isa = PBXTargetDependency;
			target = A6D9ADC028D2D9E10073E618 /* Flix */;
			targetProxy = A6D9ADD828D2D9E10073E618 /* PBXContainerItemProxy */;
		};
		A6D9ADE328D2D9E10073E618 /* PBXTargetDependency */ = {
			isa = PBXTargetDependency;
			target = A6D9ADC028D2D9E10073E618 /* Flix */;
			targetProxy = A6D9ADE228D2D9E10073E618 /* PBXContainerItemProxy */;
		};
/* End PBXTargetDependency section */

/* Begin PBXVariantGroup section */
		A6D9ADCA28D2D9E10073E618 /* Main.storyboard */ = {
			isa = PBXVariantGroup;
			children = (
				A6D9ADCB28D2D9E10073E618 /* Base */,
			);
			name = Main.storyboard;
			sourceTree = "<group>";
		};
		A6D9ADCF28D2D9E10073E618 /* LaunchScreen.storyboard */ = {
			isa = PBXVariantGroup;
			children = (
				A6D9ADD028D2D9E10073E618 /* Base */,
			);
			name = LaunchScreen.storyboard;
			sourceTree = "<group>";
		};
/* End PBXVariantGroup section */

/* Begin XCBuildConfiguration section */
		A6D9ADE928D2D9E10073E618 /* Debug */ = {
			isa = XCBuildConfiguration;
			buildSettings = {
				ALWAYS_SEARCH_USER_PATHS = NO;
				CLANG_ANALYZER_NONNULL = YES;
				CLANG_ANALYZER_NUMBER_OBJECT_CONVERSION = YES_AGGRESSIVE;
				CLANG_CXX_LANGUAGE_STANDARD = "gnu++20";
				CLANG_ENABLE_MODULES = YES;
				CLANG_ENABLE_OBJC_ARC = YES;
				CLANG_ENABLE_OBJC_WEAK = YES;
				CLANG_WARN_BLOCK_CAPTURE_AUTORELEASING = YES;
				CLANG_WARN_BOOL_CONVERSION = YES;
				CLANG_WARN_COMMA = YES;
				CLANG_WARN_CONSTANT_CONVERSION = YES;
				CLANG_WARN_DEPRECATED_OBJC_IMPLEMENTATIONS = YES;
				CLANG_WARN_DIRECT_OBJC_ISA_USAGE = YES_ERROR;
				CLANG_WARN_DOCUMENTATION_COMMENTS = YES;
				CLANG_WARN_EMPTY_BODY = YES;
				CLANG_WARN_ENUM_CONVERSION = YES;
				CLANG_WARN_INFINITE_RECURSION = YES;
				CLANG_WARN_INT_CONVERSION = YES;
				CLANG_WARN_NON_LITERAL_NULL_CONVERSION = YES;
				CLANG_WARN_OBJC_IMPLICIT_RETAIN_SELF = YES;
				CLANG_WARN_OBJC_LITERAL_CONVERSION = YES;
				CLANG_WARN_OBJC_ROOT_CLASS = YES_ERROR;
				CLANG_WARN_QUOTED_INCLUDE_IN_FRAMEWORK_HEADER = YES;
				CLANG_WARN_RANGE_LOOP_ANALYSIS = YES;
				CLANG_WARN_STRICT_PROTOTYPES = YES;
				CLANG_WARN_SUSPICIOUS_MOVE = YES;
				CLANG_WARN_UNGUARDED_AVAILABILITY = YES_AGGRESSIVE;
				CLANG_WARN_UNREACHABLE_CODE = YES;
				CLANG_WARN__DUPLICATE_METHOD_MATCH = YES;
				COPY_PHASE_STRIP = NO;
				DEBUG_INFORMATION_FORMAT = dwarf;
				ENABLE_STRICT_OBJC_MSGSEND = YES;
				ENABLE_TESTABILITY = YES;
				GCC_C_LANGUAGE_STANDARD = gnu11;
				GCC_DYNAMIC_NO_PIC = NO;
				GCC_NO_COMMON_BLOCKS = YES;
				GCC_OPTIMIZATION_LEVEL = 0;
				GCC_PREPROCESSOR_DEFINITIONS = (
					"DEBUG=1",
					"$(inherited)",
				);
				GCC_WARN_64_TO_32_BIT_CONVERSION = YES;
				GCC_WARN_ABOUT_RETURN_TYPE = YES_ERROR;
				GCC_WARN_UNDECLARED_SELECTOR = YES;
				GCC_WARN_UNINITIALIZED_AUTOS = YES_AGGRESSIVE;
				GCC_WARN_UNUSED_FUNCTION = YES;
				GCC_WARN_UNUSED_VARIABLE = YES;
				IPHONEOS_DEPLOYMENT_TARGET = 16.0;
				MTL_ENABLE_DEBUG_INFO = INCLUDE_SOURCE;
				MTL_FAST_MATH = YES;
				ONLY_ACTIVE_ARCH = YES;
				SDKROOT = iphoneos;
				SWIFT_ACTIVE_COMPILATION_CONDITIONS = DEBUG;
				SWIFT_OPTIMIZATION_LEVEL = "-Onone";
			};
			name = Debug;
		};
		A6D9ADEA28D2D9E10073E618 /* Release */ = {
			isa = XCBuildConfiguration;
			buildSettings = {
				ALWAYS_SEARCH_USER_PATHS = NO;
				CLANG_ANALYZER_NONNULL = YES;
				CLANG_ANALYZER_NUMBER_OBJECT_CONVERSION = YES_AGGRESSIVE;
				CLANG_CXX_LANGUAGE_STANDARD = "gnu++20";
				CLANG_ENABLE_MODULES = YES;
				CLANG_ENABLE_OBJC_ARC = YES;
				CLANG_ENABLE_OBJC_WEAK = YES;
				CLANG_WARN_BLOCK_CAPTURE_AUTORELEASING = YES;
				CLANG_WARN_BOOL_CONVERSION = YES;
				CLANG_WARN_COMMA = YES;
				CLANG_WARN_CONSTANT_CONVERSION = YES;
				CLANG_WARN_DEPRECATED_OBJC_IMPLEMENTATIONS = YES;
				CLANG_WARN_DIRECT_OBJC_ISA_USAGE = YES_ERROR;
				CLANG_WARN_DOCUMENTATION_COMMENTS = YES;
				CLANG_WARN_EMPTY_BODY = YES;
				CLANG_WARN_ENUM_CONVERSION = YES;
				CLANG_WARN_INFINITE_RECURSION = YES;
				CLANG_WARN_INT_CONVERSION = YES;
				CLANG_WARN_NON_LITERAL_NULL_CONVERSION = YES;
				CLANG_WARN_OBJC_IMPLICIT_RETAIN_SELF = YES;
				CLANG_WARN_OBJC_LITERAL_CONVERSION = YES;
				CLANG_WARN_OBJC_ROOT_CLASS = YES_ERROR;
				CLANG_WARN_QUOTED_INCLUDE_IN_FRAMEWORK_HEADER = YES;
				CLANG_WARN_RANGE_LOOP_ANALYSIS = YES;
				CLANG_WARN_STRICT_PROTOTYPES = YES;
				CLANG_WARN_SUSPICIOUS_MOVE = YES;
				CLANG_WARN_UNGUARDED_AVAILABILITY = YES_AGGRESSIVE;
				CLANG_WARN_UNREACHABLE_CODE = YES;
				CLANG_WARN__DUPLICATE_METHOD_MATCH = YES;
				COPY_PHASE_STRIP = NO;
				DEBUG_INFORMATION_FORMAT = "dwarf-with-dsym";
				ENABLE_NS_ASSERTIONS = NO;
				ENABLE_STRICT_OBJC_MSGSEND = YES;
				GCC_C_LANGUAGE_STANDARD = gnu11;
				GCC_NO_COMMON_BLOCKS = YES;
				GCC_WARN_64_TO_32_BIT_CONVERSION = YES;
				GCC_WARN_ABOUT_RETURN_TYPE = YES_ERROR;
				GCC_WARN_UNDECLARED_SELECTOR = YES;
				GCC_WARN_UNINITIALIZED_AUTOS = YES_AGGRESSIVE;
				GCC_WARN_UNUSED_FUNCTION = YES;
				GCC_WARN_UNUSED_VARIABLE = YES;
				IPHONEOS_DEPLOYMENT_TARGET = 16.0;
				MTL_ENABLE_DEBUG_INFO = NO;
				MTL_FAST_MATH = YES;
				SDKROOT = iphoneos;
				SWIFT_COMPILATION_MODE = wholemodule;
				SWIFT_OPTIMIZATION_LEVEL = "-O";
				VALIDATE_PRODUCT = YES;
			};
			name = Release;
		};
		A6D9ADEC28D2D9E10073E618 /* Debug */ = {
			isa = XCBuildConfiguration;
			baseConfigurationReference = C7BD3A4D9F51D259AFA3AA38 /* Pods-Flix.debug.xcconfig */;
			buildSettings = {
				ASSETCATALOG_COMPILER_APPICON_NAME = AppIcon;
				ASSETCATALOG_COMPILER_GLOBAL_ACCENT_COLOR_NAME = AccentColor;
				CODE_SIGN_STYLE = Automatic;
				CURRENT_PROJECT_VERSION = 1;
				DEVELOPMENT_TEAM = 5RQ5LQSGV6;
				GENERATE_INFOPLIST_FILE = YES;
				INFOPLIST_FILE = Flix/Info.plist;
				INFOPLIST_KEY_UIApplicationSupportsIndirectInputEvents = YES;
				INFOPLIST_KEY_UILaunchStoryboardName = LaunchScreen;
				INFOPLIST_KEY_UIMainStoryboardFile = Main;
				INFOPLIST_KEY_UISupportedInterfaceOrientations_iPad = "UIInterfaceOrientationPortrait UIInterfaceOrientationPortraitUpsideDown UIInterfaceOrientationLandscapeLeft UIInterfaceOrientationLandscapeRight";
				INFOPLIST_KEY_UISupportedInterfaceOrientations_iPhone = "UIInterfaceOrientationPortrait UIInterfaceOrientationLandscapeLeft UIInterfaceOrientationLandscapeRight";
				LD_RUNPATH_SEARCH_PATHS = (
					"$(inherited)",
					"@executable_path/Frameworks",
				);
				MARKETING_VERSION = 1.0;
				PRODUCT_BUNDLE_IDENTIFIER = com.SLL.Flix;
				PRODUCT_NAME = "$(TARGET_NAME)";
				SWIFT_EMIT_LOC_STRINGS = YES;
				SWIFT_VERSION = 5.0;
				TARGETED_DEVICE_FAMILY = "1,2";
			};
			name = Debug;
		};
		A6D9ADED28D2D9E10073E618 /* Release */ = {
			isa = XCBuildConfiguration;
			baseConfigurationReference = 44071833C58F4FD8E5AC8231 /* Pods-Flix.release.xcconfig */;
			buildSettings = {
				ASSETCATALOG_COMPILER_APPICON_NAME = AppIcon;
				ASSETCATALOG_COMPILER_GLOBAL_ACCENT_COLOR_NAME = AccentColor;
				CODE_SIGN_STYLE = Automatic;
				CURRENT_PROJECT_VERSION = 1;
				DEVELOPMENT_TEAM = 5RQ5LQSGV6;
				GENERATE_INFOPLIST_FILE = YES;
				INFOPLIST_FILE = Flix/Info.plist;
				INFOPLIST_KEY_UIApplicationSupportsIndirectInputEvents = YES;
				INFOPLIST_KEY_UILaunchStoryboardName = LaunchScreen;
				INFOPLIST_KEY_UIMainStoryboardFile = Main;
				INFOPLIST_KEY_UISupportedInterfaceOrientations_iPad = "UIInterfaceOrientationPortrait UIInterfaceOrientationPortraitUpsideDown UIInterfaceOrientationLandscapeLeft UIInterfaceOrientationLandscapeRight";
				INFOPLIST_KEY_UISupportedInterfaceOrientations_iPhone = "UIInterfaceOrientationPortrait UIInterfaceOrientationLandscapeLeft UIInterfaceOrientationLandscapeRight";
				LD_RUNPATH_SEARCH_PATHS = (
					"$(inherited)",
					"@executable_path/Frameworks",
				);
				MARKETING_VERSION = 1.0;
				PRODUCT_BUNDLE_IDENTIFIER = com.SLL.Flix;
				PRODUCT_NAME = "$(TARGET_NAME)";
				SWIFT_EMIT_LOC_STRINGS = YES;
				SWIFT_VERSION = 5.0;
				TARGETED_DEVICE_FAMILY = "1,2";
			};
			name = Release;
		};
		A6D9ADEF28D2D9E10073E618 /* Debug */ = {
			isa = XCBuildConfiguration;
			baseConfigurationReference = 134901F577CA53CE7D8FF287 /* Pods-FlixTests.debug.xcconfig */;
			buildSettings = {
				ALWAYS_EMBED_SWIFT_STANDARD_LIBRARIES = YES;
				BUNDLE_LOADER = "$(TEST_HOST)";
				CODE_SIGN_STYLE = Automatic;
				CURRENT_PROJECT_VERSION = 1;
				DEVELOPMENT_TEAM = 5RQ5LQSGV6;
				GENERATE_INFOPLIST_FILE = YES;
				IPHONEOS_DEPLOYMENT_TARGET = 16.0;
				MARKETING_VERSION = 1.0;
				PRODUCT_BUNDLE_IDENTIFIER = com.SLL.FlixTests;
				PRODUCT_NAME = "$(TARGET_NAME)";
				SWIFT_EMIT_LOC_STRINGS = NO;
				SWIFT_VERSION = 5.0;
				TARGETED_DEVICE_FAMILY = "1,2";
				TEST_HOST = "$(BUILT_PRODUCTS_DIR)/Flix.app/$(BUNDLE_EXECUTABLE_FOLDER_PATH)/Flix";
			};
			name = Debug;
		};
		A6D9ADF028D2D9E10073E618 /* Release */ = {
			isa = XCBuildConfiguration;
			baseConfigurationReference = 0441BEFC85101C2E8755660E /* Pods-FlixTests.release.xcconfig */;
			buildSettings = {
				ALWAYS_EMBED_SWIFT_STANDARD_LIBRARIES = YES;
				BUNDLE_LOADER = "$(TEST_HOST)";
				CODE_SIGN_STYLE = Automatic;
				CURRENT_PROJECT_VERSION = 1;
				DEVELOPMENT_TEAM = 5RQ5LQSGV6;
				GENERATE_INFOPLIST_FILE = YES;
				IPHONEOS_DEPLOYMENT_TARGET = 16.0;
				MARKETING_VERSION = 1.0;
				PRODUCT_BUNDLE_IDENTIFIER = com.SLL.FlixTests;
				PRODUCT_NAME = "$(TARGET_NAME)";
				SWIFT_EMIT_LOC_STRINGS = NO;
				SWIFT_VERSION = 5.0;
				TARGETED_DEVICE_FAMILY = "1,2";
				TEST_HOST = "$(BUILT_PRODUCTS_DIR)/Flix.app/$(BUNDLE_EXECUTABLE_FOLDER_PATH)/Flix";
			};
			name = Release;
		};
		A6D9ADF228D2D9E10073E618 /* Debug */ = {
			isa = XCBuildConfiguration;
			baseConfigurationReference = D5D4FA93D8A0BBE13349B492 /* Pods-Flix-FlixUITests.debug.xcconfig */;
			buildSettings = {
				ALWAYS_EMBED_SWIFT_STANDARD_LIBRARIES = YES;
				CODE_SIGN_STYLE = Automatic;
				CURRENT_PROJECT_VERSION = 1;
				DEVELOPMENT_TEAM = 5RQ5LQSGV6;
				GENERATE_INFOPLIST_FILE = YES;
				MARKETING_VERSION = 1.0;
				PRODUCT_BUNDLE_IDENTIFIER = com.SLL.FlixUITests;
				PRODUCT_NAME = "$(TARGET_NAME)";
				SWIFT_EMIT_LOC_STRINGS = NO;
				SWIFT_VERSION = 5.0;
				TARGETED_DEVICE_FAMILY = "1,2";
				TEST_TARGET_NAME = Flix;
			};
			name = Debug;
		};
		A6D9ADF328D2D9E10073E618 /* Release */ = {
			isa = XCBuildConfiguration;
			baseConfigurationReference = BAE68D7CE188EB7245BC4045 /* Pods-Flix-FlixUITests.release.xcconfig */;
			buildSettings = {
				ALWAYS_EMBED_SWIFT_STANDARD_LIBRARIES = YES;
				CODE_SIGN_STYLE = Automatic;
				CURRENT_PROJECT_VERSION = 1;
				DEVELOPMENT_TEAM = 5RQ5LQSGV6;
				GENERATE_INFOPLIST_FILE = YES;
				MARKETING_VERSION = 1.0;
				PRODUCT_BUNDLE_IDENTIFIER = com.SLL.FlixUITests;
				PRODUCT_NAME = "$(TARGET_NAME)";
				SWIFT_EMIT_LOC_STRINGS = NO;
				SWIFT_VERSION = 5.0;
				TARGETED_DEVICE_FAMILY = "1,2";
				TEST_TARGET_NAME = Flix;
			};
			name = Release;
		};
/* End XCBuildConfiguration section */

/* Begin XCConfigurationList section */
		A6D9ADBC28D2D9E10073E618 /* Build configuration list for PBXProject "Flix" */ = {
			isa = XCConfigurationList;
			buildConfigurations = (
				A6D9ADE928D2D9E10073E618 /* Debug */,
				A6D9ADEA28D2D9E10073E618 /* Release */,
			);
			defaultConfigurationIsVisible = 0;
			defaultConfigurationName = Release;
		};
		A6D9ADEB28D2D9E10073E618 /* Build configuration list for PBXNativeTarget "Flix" */ = {
			isa = XCConfigurationList;
			buildConfigurations = (
				A6D9ADEC28D2D9E10073E618 /* Debug */,
				A6D9ADED28D2D9E10073E618 /* Release */,
			);
			defaultConfigurationIsVisible = 0;
			defaultConfigurationName = Release;
		};
		A6D9ADEE28D2D9E10073E618 /* Build configuration list for PBXNativeTarget "FlixTests" */ = {
			isa = XCConfigurationList;
			buildConfigurations = (
				A6D9ADEF28D2D9E10073E618 /* Debug */,
				A6D9ADF028D2D9E10073E618 /* Release */,
			);
			defaultConfigurationIsVisible = 0;
			defaultConfigurationName = Release;
		};
		A6D9ADF128D2D9E10073E618 /* Build configuration list for PBXNativeTarget "FlixUITests" */ = {
			isa = XCConfigurationList;
			buildConfigurations = (
				A6D9ADF228D2D9E10073E618 /* Debug */,
				A6D9ADF328D2D9E10073E618 /* Release */,
			);
			defaultConfigurationIsVisible = 0;
			defaultConfigurationName = Release;
		};
/* End XCConfigurationList section */

/* Begin XCRemoteSwiftPackageReference section */
		A6D9ADF628D2E9970073E618 /* XCRemoteSwiftPackageReference "AlamofireImage" */ = {
			isa = XCRemoteSwiftPackageReference;
			repositoryURL = "https://github.com/Alamofire/AlamofireImage";
			requirement = {
				kind = upToNextMajorVersion;
				minimumVersion = 4.0.0;
			};
		};
/* End XCRemoteSwiftPackageReference section */

/* Begin XCSwiftPackageProductDependency section */
		A6D9ADF728D2E9970073E618 /* AlamofireImage */ = {
			isa = XCSwiftPackageProductDependency;
			package = A6D9ADF628D2E9970073E618 /* XCRemoteSwiftPackageReference "AlamofireImage" */;
			productName = AlamofireImage;
		};
/* End XCSwiftPackageProductDependency section */
	};
	rootObject = A6D9ADB928D2D9E10073E618 /* Project object */;
}
